
Microsoft Visual Studio Solution File, Format Version 12.00
# Visual Studio 15
VisualStudioVersion = 15.0.27130.2010
MinimumVisualStudioVersion = 10.0.40219.1
Project("{FAE04EC0-301F-11D3-BF4B-00C04F79EFBC}") = "coordinateSystem", "coordinateSystem\coordinateSystem.csproj", "{D762A11E-2013-4112-B090-B88AA25D4D83}"
EndProject
Global
	GlobalSection(SolutionConfigurationPlatforms) = preSolution
		Debug|Any CPU = Debug|Any CPU
		Release|Any CPU = Release|Any CPU
	EndGlobalSection
	GlobalSection(ProjectConfigurationPlatforms) = postSolution
		{D762A11E-2013-4112-B090-B88AA25D4D83}.Debug|Any CPU.ActiveCfg = Debug|Any CPU
		{D762A11E-2013-4112-B090-B88AA25D4D83}.Debug|Any CPU.Build.0 = Debug|Any CPU
		{D762A11E-2013-4112-B090-B88AA25D4D83}.Release|Any CPU.ActiveCfg = Release|Any CPU
		{D762A11E-2013-4112-B090-B88AA25D4D83}.Release|Any CPU.Build.0 = Release|Any CPU
	EndGlobalSection
	GlobalSection(SolutionProperties) = preSolution
		HideSolutionNode = FALSE
	EndGlobalSection
	GlobalSection(ExtensibilityGlobals) = postSolution
		SolutionGuid = {B647F93F-5CE2-4428-BD8E-62B5EF2927B2}
	EndGlobalSection
EndGlobal
